Microsoft Visual Studio Solution File, Format Version 12.00
# Visual Studio Version 17
VisualStudioVersion = 17.5.2.0
MinimumVisualStudioVersion = 10.0.40219.1
Project("{FAE04EC0-301F-11D3-BF4B-00C04F79EFBC}") = "PokeNPCS", "PokeNPCS.csproj", "{796A53A8-E48C-39B4-AAE7-1062CF25AFC5}"
EndProject
Global
	GlobalSection(SolutionConfigurationPlatforms) = preSolution
		Debug|Any CPU = Debug|Any CPU
		Release|Any CPU = Release|Any CPU
	EndGlobalSection
	GlobalSection(ProjectConfigurationPlatforms) = postSolution
		{796A53A8-E48C-39B4-AAE7-1062CF25AFC5}.Debug|Any CPU.ActiveCfg = Debug|Any CPU
		{796A53A8-E48C-39B4-AAE7-1062CF25AFC5}.Debug|Any CPU.Build.0 = Debug|Any CPU
		{796A53A8-E48C-39B4-AAE7-1062CF25AFC5}.Release|Any CPU.ActiveCfg = Release|Any CPU
		{796A53A8-E48C-39B4-AAE7-1062CF25AFC5}.Release|Any CPU.Build.0 = Release|Any CPU
	EndGlobalSection
	GlobalSection(SolutionProperties) = preSolution
		HideSolutionNode = FALSE
	EndGlobalSection
	GlobalSection(ExtensibilityGlobals) = postSolution
		SolutionGuid = {A0E7577F-2051-4FC7-B913-10704001F711}
	EndGlobalSection
EndGlobal
